
Microsoft Visual Studio Solution File, Format Version 12.00
# Visual Studio 2013
VisualStudioVersion = 12.0.40629.0
MinimumVisualStudioVersion = 10.0.40219.1
Project("{FAE04EC0-301F-11D3-BF4B-00C04F79EFBC}") = "OKMS.WeiChat.Model", "OKMS.WeiChat.Model\OKMS.WeiChat.Model.csproj", "{CDB93E34-7429-411B-930D-D9E956887D74}"
EndProject
Project("{FAE04EC0-301F-11D3-BF4B-00C04F79EFBC}") = "OKMS.WeiChat.Repository", "OKMS.WeiChat.Repository\OKMS.WeiChat.Repository.csproj", "{A97991BB-1DB0-4681-B09C-70D0D8F5613F}"
EndProject
Project("{FAE04EC0-301F-11D3-BF4B-00C04F79EFBC}") = "OKMS.WeiChat.IReopsitory", "OKMS.WeiChat.IReopsitory\OKMS.WeiChat.IReopsitory.csproj", "{4BFFEF3C-F163-47AB-9F9A-7B09079C43D3}"
EndProject
Project("{FAE04EC0-301F-11D3-BF4B-00C04F79EFBC}") = "OKMS.WeiChat.IService", "OKMS.WeiChat.IService\OKMS.WeiChat.IService.csproj", "{172FD058-189C-430C-9B57-B956F1DC9044}"
EndProject
Project("{FAE04EC0-301F-11D3-BF4B-00C04F79EFBC}") = "OKMS.WeiChat.Service", "OKMS.WeiChat.Service\OKMS.WeiChat.Service.csproj", "{CF5E6538-EA3A-4352-8C46-DADC9CD9A44E}"
EndProject
Project("{FAE04EC0-301F-11D3-BF4B-00C04F79EFBC}") = "OKMS.WeiChat", "OKMS.WeiChat\OKMS.WeiChat.csproj", "{B9C0B293-55DE-4D47-9A17-7E438271D00B}"
EndProject
Project("{FAE04EC0-301F-11D3-BF4B-00C04F79EFBC}") = "OKMS.WeiChat.Common", "OKMS.WeiChat.Common\OKMS.WeiChat.Common.csproj", "{0C6DBCDC-1F6D-440C-895C-92848D024217}"
EndProject
Project("{2150E333-8FDC-42A3-9474-1A3956D46DE8}") = "Model Layer", "Model Layer", "{738B11FE-8C20-416B-BCD7-470CBAC4D1C1}"
EndProject
Project("{2150E333-8FDC-42A3-9474-1A3956D46DE8}") = "DataAccess Layer", "DataAccess Layer", "{D34A7981-3602-41F9-9626-E46795AA7048}"
EndProject
Project("{2150E333-8FDC-42A3-9474-1A3956D46DE8}") = "Business Layer", "Business Layer", "{3D5C48A8-8BD4-45F4-95FA-9FE0398EB1FC}"
EndProject
Project("{2150E333-8FDC-42A3-9474-1A3956D46DE8}") = "UserInterface Layer", "UserInterface Layer", "{CE3E6042-799F-4AC4-BFEC-22A9DACF3188}"
EndProject
Project("{2150E333-8FDC-42A3-9474-1A3956D46DE8}") = "Common Layer", "Common Layer", "{A82E8C2A-3856-408D-9FD4-D8B4F7FF823A}"
EndProject
Global
	GlobalSection(SolutionConfigurationPlatforms) = preSolution
		Debug|Any CPU = Debug|Any CPU
		Release|Any CPU = Release|Any CPU
	EndGlobalSection
	GlobalSection(ProjectConfigurationPlatforms) = postSolution
		{CDB93E34-7429-411B-930D-D9E956887D74}.Debug|Any CPU.ActiveCfg = Debug|Any CPU
		{CDB93E34-7429-411B-930D-D9E956887D74}.Debug|Any CPU.Build.0 = Debug|Any CPU
		{CDB93E34-7429-411B-930D-D9E956887D74}.Release|Any CPU.ActiveCfg = Release|Any CPU
		{CDB93E34-7429-411B-930D-D9E956887D74}.Release|Any CPU.Build.0 = Release|Any CPU
		{A97991BB-1DB0-4681-B09C-70D0D8F5613F}.Debug|Any CPU.ActiveCfg = Debug|Any CPU
		{A97991BB-1DB0-4681-B09C-70D0D8F5613F}.Debug|Any CPU.Build.0 = Debug|Any CPU
		{A97991BB-1DB0-4681-B09C-70D0D8F5613F}.Release|Any CPU.ActiveCfg = Release|Any CPU
		{A97991BB-1DB0-4681-B09C-70D0D8F5613F}.Release|Any CPU.Build.0 = Release|Any CPU
		{4BFFEF3C-F163-47AB-9F9A-7B09079C43D3}.Debug|Any CPU.ActiveCfg = Debug|Any CPU
		{4BFFEF3C-F163-47AB-9F9A-7B09079C43D3}.Debug|Any CPU.Build.0 = Debug|Any CPU
		{4BFFEF3C-F163-47AB-9F9A-7B09079C43D3}.Release|Any CPU.ActiveCfg = Release|Any CPU
		{4BFFEF3C-F163-47AB-9F9A-7B09079C43D3}.Release|Any CPU.Build.0 = Release|Any CPU
		{172FD058-189C-430C-9B57-B956F1DC9044}.Debug|Any CPU.ActiveCfg = Debug|Any CPU
		{172FD058-189C-430C-9B57-B956F1DC9044}.Debug|Any CPU.Build.0 = Debug|Any CPU
		{172FD058-189C-430C-9B57-B956F1DC9044}.Release|Any CPU.ActiveCfg = Release|Any CPU
		{172FD058-189C-430C-9B57-B956F1DC9044}.Release|Any CPU.Build.0 = Release|Any CPU
		{CF5E6538-EA3A-4352-8C46-DADC9CD9A44E}.Debug|Any CPU.ActiveCfg = Debug|Any CPU
		{CF5E6538-EA3A-4352-8C46-DADC9CD9A44E}.Debug|Any CPU.Build.0 = Debug|Any CPU
		{CF5E6538-EA3A-4352-8C46-DADC9CD9A44E}.Release|Any CPU.ActiveCfg = Release|Any CPU
		{CF5E6538-EA3A-4352-8C46-DADC9CD9A44E}.Release|Any CPU.Build.0 = Release|Any CPU
		{B9C0B293-55DE-4D47-9A17-7E438271D00B}.Debug|Any CPU.ActiveCfg = Debug|Any CPU
		{B9C0B293-55DE-4D47-9A17-7E438271D00B}.Debug|Any CPU.Build.0 = Debug|Any CPU
		{B9C0B293-55DE-4D47-9A17-7E438271D00B}.Release|Any CPU.ActiveCfg = Release|Any CPU
		{B9C0B293-55DE-4D47-9A17-7E438271D00B}.Release|Any CPU.Build.0 = Release|Any CPU
		{0C6DBCDC-1F6D-440C-895C-92848D024217}.Debug|Any CPU.ActiveCfg = Debug|Any CPU
		{0C6DBCDC-1F6D-440C-895C-92848D024217}.Debug|Any CPU.Build.0 = Debug|Any CPU
		{0C6DBCDC-1F6D-440C-895C-92848D024217}.Release|Any CPU.ActiveCfg = Release|Any CPU
		{0C6DBCDC-1F6D-440C-895C-92848D024217}.Release|Any CPU.Build.0 = Release|Any CPU
	EndGlobalSection
	GlobalSection(SolutionProperties) = preSolution
		HideSolutionNode = FALSE
	EndGlobalSection
	GlobalSection(NestedProjects) = preSolution
		{CDB93E34-7429-411B-930D-D9E956887D74} = {738B11FE-8C20-416B-BCD7-470CBAC4D1C1}
		{A97991BB-1DB0-4681-B09C-70D0D8F5613F} = {D34A7981-3602-41F9-9626-E46795AA7048}
		{4BFFEF3C-F163-47AB-9F9A-7B09079C43D3} = {D34A7981-3602-41F9-9626-E46795AA7048}
		{172FD058-189C-430C-9B57-B956F1DC9044} = {3D5C48A8-8BD4-45F4-95FA-9FE0398EB1FC}
		{CF5E6538-EA3A-4352-8C46-DADC9CD9A44E} = {3D5C48A8-8BD4-45F4-95FA-9FE0398EB1FC}
		{B9C0B293-55DE-4D47-9A17-7E438271D00B} = {CE3E6042-799F-4AC4-BFEC-22A9DACF3188}
		{0C6DBCDC-1F6D-440C-895C-92848D024217} = {A82E8C2A-3856-408D-9FD4-D8B4F7FF823A}
	EndGlobalSection
EndGlobal
